
Microsoft Visual Studio Solution File, Format Version 12.00
# Visual Studio Version 17
VisualStudioVersion = 17.2.32516.85
MinimumVisualStudioVersion = 10.0.40219.1
Project("{9A19103F-16F7-4668-BE54-9A1E7A4F7556}") = "FlickrNet", "FlickrNet\FlickrNet.csproj", "{C9007A08-0DF7-445C-B13D-3ADA0AD33207}"
EndProject
Project("{FAE04EC0-301F-11D3-BF4B-00C04F79EFBC}") = "FlickrNetTest", "FlickrNetTest\FlickrNetTest.csproj", "{169D2B40-8833-4AF1-B8CD-CA8B26E2A195}"
EndProject
Global
	GlobalSection(SolutionConfigurationPlatforms) = preSolution
		Debug|Any CPU = Debug|Any CPU
		Release|Any CPU = Release|Any CPU
	EndGlobalSection
	GlobalSection(ProjectConfigurationPlatforms) = postSolution
		{C9007A08-0DF7-445C-B13D-3ADA0AD33207}.Debug|Any CPU.ActiveCfg = Debug|Any CPU
		{C9007A08-0DF7-445C-B13D-3ADA0AD33207}.Debug|Any CPU.Build.0 = Debug|Any CPU
		{C9007A08-0DF7-445C-B13D-3ADA0AD33207}.Release|Any CPU.ActiveCfg = Release|Any CPU
		{C9007A08-0DF7-445C-B13D-3ADA0AD33207}.Release|Any CPU.Build.0 = Release|Any CPU
		{169D2B40-8833-4AF1-B8CD-CA8B26E2A195}.Debug|Any CPU.ActiveCfg = Debug|Any CPU
		{169D2B40-8833-4AF1-B8CD-CA8B26E2A195}.Debug|Any CPU.Build.0 = Debug|Any CPU
		{169D2B40-8833-4AF1-B8CD-CA8B26E2A195}.Release|Any CPU.ActiveCfg = Release|Any CPU
		{169D2B40-8833-4AF1-B8CD-CA8B26E2A195}.Release|Any CPU.Build.0 = Release|Any CPU
	EndGlobalSection
	GlobalSection(SolutionProperties) = preSolution
		HideSolutionNode = FALSE
	EndGlobalSection
	GlobalSection(ExtensibilityGlobals) = postSolution
		SolutionGuid = {662A1E54-DBC8-4C06-8EDC-C7529EA619CA}
	EndGlobalSection
	GlobalSection(SubversionScc) = preSolution
		Svn-Managed = True
		Manager = AnkhSVN - Subversion Support for Visual Studio
	EndGlobalSection
	GlobalSection(TestCaseManagementSettings) = postSolution
		CategoryFile = FlickrNet.vsmdi
	EndGlobalSection
	GlobalSection(MonoDevelopProperties) = preSolution
		StartupItem = FlickrNet\FlickrNet.csproj
	EndGlobalSection
EndGlobal
